// !$*UTF8*$!
{
	archiveVersion = 1;
	classes = {
	};
	objectVersion = 46;
	objects = {

/* Begin PBXBuildFile section */
		961FC2B61D35F88100356E54 /* AppDelegate.swift in Sources */ = {isa = PBXBuildFile; fileRef = 961FC2B51D35F88100356E54 /* AppDelegate.swift */; };
		961FC2B81D35F88100356E54 /* ViewController.swift in Sources */ = {isa = PBXBuildFile; fileRef = 961FC2B71D35F88100356E54 /* ViewController.swift */; };
		961FC2BB1D35F88100356E54 /* Main.storyboard in Resources */ = {isa = PBXBuildFile; fileRef = 961FC2B91D35F88100356E54 /* Main.storyboard */; };
		961FC2BD1D35F88100356E54 /* Assets.xcassets in Resources */ = {isa = PBXBuildFile; fileRef = 961FC2BC1D35F88100356E54 /* Assets.xcassets */; };
		961FC2C01D35F88100356E54 /* LaunchScreen.storyboard in Resources */ = {isa = PBXBuildFile; fileRef = 961FC2BE1D35F88100356E54 /* LaunchScreen.storyboard */; };
		961FC2CB1D35F88100356E54 /* synthesizerTests.swift in Sources */ = {isa = PBXBuildFile; fileRef = 961FC2CA1D35F88100356E54 /* synthesizerTests.swift */; };
		961FC2D61D35F88100356E54 /* synthesizerUITests.swift in Sources */ = {isa = PBXBuildFile; fileRef = 961FC2D51D35F88100356E54 /* synthesizerUITests.swift */; };
/* End PBXBuildFile section */

/* Begin PBXContainerItemProxy section */
		961FC2C71D35F88100356E54 /* PBXContainerItemProxy */ = {
			isa = PBXContainerItemProxy;
			containerPortal = 961FC2AA1D35F88100356E54 /* Project object */;
			proxyType = 1;
			remoteGlobalIDString = 961FC2B11D35F88100356E54;
			remoteInfo = synthesizer;
		};
		961FC2D21D35F88100356E54 /* PBXContainerItemProxy */ = {
			isa = PBXContainerItemProxy;
			containerPortal = 961FC2AA1D35F88100356E54 /* Project object */;
			proxyType = 1;
			remoteGlobalIDString = 961FC2B11D35F88100356E54;
			remoteInfo = synthesizer;
		};
/* End PBXContainerItemProxy section */

/* Begin PBXFileReference section */
		961FC2B21D35F88100356E54 /* synthesizer.app */ = {isa = PBXFileReference; explicitFileType = wrapper.application; includeInIndex = 0; path = synthesizer.app; sourceTree = BUILT_PRODUCTS_DIR; };
		961FC2B51D35F88100356E54 /* AppDelegate.swift */ = {isa = PBXFileReference; lastKnownFileType = sourcecode.swift; path = AppDelegate.swift; sourceTree = "<group>"; };
		961FC2B71D35F88100356E54 /* ViewController.swift */ = {isa = PBXFileReference; lastKnownFileType = sourcecode.swift; path = ViewController.swift; sourceTree = "<group>"; };
		961FC2BA1D35F88100356E54 /* Base */ = {isa = PBXFileReference; lastKnownFileType = file.storyboard; name = Base; path = Base.lproj/Main.storyboard; sourceTree = "<group>"; };
		961FC2BC1D35F88100356E54 /* Assets.xcassets */ = {isa = PBXFileReference; lastKnownFileType = folder.assetcatalog; path = Assets.xcassets; sourceTree = "<group>"; };
		961FC2BF1D35F88100356E54 /* Base */ = {isa = PBXFileReference; lastKnownFileType = file.storyboard; name = Base; path = Base.lproj/LaunchScreen.storyboard; sourceTree = "<group>"; };
		961FC2C11D35F88100356E54 /* Info.plist */ = {isa = PBXFileReference; lastKnownFileType = text.plist.xml; path = Info.plist; sourceTree = "<group>"; };
		961FC2C61D35F88100356E54 /* synthesizerTests.xctest */ = {isa = PBXFileReference; explicitFileType = wrapper.cfbundle; includeInIndex = 0; path = synthesizerTests.xctest; sourceTree = BUILT_PRODUCTS_DIR; };
		961FC2CA1D35F88100356E54 /* synthesizerTests.swift */ = {isa = PBXFileReference; lastKnownFileType = sourcecode.swift; path = synthesizerTests.swift; sourceTree = "<group>"; };
		961FC2CC1D35F88100356E54 /* Info.plist */ = {isa = PBXFileReference; lastKnownFileType = text.plist.xml; path = Info.plist; sourceTree = "<group>"; };
		961FC2D11D35F88100356E54 /* synthesizerUITests.xctest */ = {isa = PBXFileReference; explicitFileType = wrapper.cfbundle; includeInIndex = 0; path = synthesizerUITests.xctest; sourceTree = BUILT_PRODUCTS_DIR; };
		961FC2D51D35F88100356E54 /* synthesizerUITests.swift */ = {isa = PBXFileReference; lastKnownFileType = sourcecode.swift; path = synthesizerUITests.swift; sourceTree = "<group>"; };
		961FC2D71D35F88100356E54 /* Info.plist */ = {isa = PBXFileReference; lastKnownFileType = text.plist.xml; path = Info.plist; sourceTree = "<group>"; };
/* End PBXFileReference section */

/* Begin PBXFrameworksBuildPhase section */
		961FC2AF1D35F88100356E54 /* Frameworks */ = {
			isa = PBXFrameworksBuildPhase;
			buildActionMask = 2147483647;
			files = (
			);
			runOnlyForDeploymentPostprocessing = 0;
		};
		961FC2C31D35F88100356E54 /* Frameworks */ = {
			isa = PBXFrameworksBuildPhase;
			buildActionMask = 2147483647;
			files = (
			);
			runOnlyForDeploymentPostprocessing = 0;
		};
		961FC2CE1D35F88100356E54 /* Frameworks */ = {
			isa = PBXFrameworksBuildPhase;
			buildActionMask = 2147483647;
			files = (
			);
			runOnlyForDeploymentPostprocessing = 0;
		};
/* End PBXFrameworksBuildPhase section */

/* Begin PBXGroup section */
		961FC2A91D35F88100356E54 = {
			isa = PBXGroup;
			children = (
				961FC2B41D35F88100356E54 /* synthesizer */,
				961FC2C91D35F88100356E54 /* synthesizerTests */,
				961FC2D41D35F88100356E54 /* synthesizerUITests */,
				961FC2B31D35F88100356E54 /* Products */,
			);
			sourceTree = "<group>";
		};
		961FC2B31D35F88100356E54 /* Products */ = {
			isa = PBXGroup;
			children = (
				961FC2B21D35F88100356E54 /* synthesizer.app */,
				961FC2C61D35F88100356E54 /* synthesizerTests.xctest */,
				961FC2D11D35F88100356E54 /* synthesizerUITests.xctest */,
			);
			name = Products;
			sourceTree = "<group>";
		};
		961FC2B41D35F88100356E54 /* synthesizer */ = {
			isa = PBXGroup;
			children = (
				961FC2B51D35F88100356E54 /* AppDelegate.swift */,
				961FC2B71D35F88100356E54 /* ViewController.swift */,
				961FC2B91D35F88100356E54 /* Main.storyboard */,
				961FC2BC1D35F88100356E54 /* Assets.xcassets */,
				961FC2BE1D35F88100356E54 /* LaunchScreen.storyboard */,
				961FC2C11D35F88100356E54 /* Info.plist */,
			);
			path = synthesizer;
			sourceTree = "<group>";
		};
		961FC2C91D35F88100356E54 /* synthesizerTests */ = {
			isa = PBXGroup;
			children = (
				961FC2CA1D35F88100356E54 /* synthesizerTests.swift */,
				961FC2CC1D35F88100356E54 /* Info.plist */,
			);
			path = synthesizerTests;
			sourceTree = "<group>";
		};
		961FC2D41D35F88100356E54 /* synthesizerUITests */ = {
			isa = PBXGroup;
			children = (
				961FC2D51D35F88100356E54 /* synthesizerUITests.swift */,
				961FC2D71D35F88100356E54 /* Info.plist */,
			);
			path = synthesizerUITests;
			sourceTree = "<group>";
		};
/* End PBXGroup section */

/* Begin PBXNativeTarget section */
		961FC2B11D35F88100356E54 /* synthesizer */ = {
			isa = PBXNativeTarget;
			buildConfigurationList = 961FC2DA1D35F88100356E54 /* Build configuration list for PBXNativeTarget "synthesizer" */;
			buildPhases = (
				961FC2AE1D35F88100356E54 /* Sources */,
				961FC2AF1D35F88100356E54 /* Frameworks */,
				961FC2B01D35F88100356E54 /* Resources */,
			);
			buildRules = (
			);
			dependencies = (
			);
			name = synthesizer;
			productName = synthesizer;
			productReference = 961FC2B21D35F88100356E54 /* synthesizer.app */;
			productType = "com.apple.product-type.application";
		};
		961FC2C51D35F88100356E54 /* synthesizerTests */ = {
			isa = PBXNativeTarget;
			buildConfigurationList = 961FC2DD1D35F88100356E54 /* Build configuration list for PBXNativeTarget "synthesizerTests" */;
			buildPhases = (
				961FC2C21D35F88100356E54 /* Sources */,
				961FC2C31D35F88100356E54 /* Frameworks */,
				961FC2C41D35F88100356E54 /* Resources */,
			);
			buildRules = (
			);
			dependencies = (
				961FC2C81D35F88100356E54 /* PBXTargetDependency */,
			);
			name = synthesizerTests;
			productName = synthesizerTests;
			productReference = 961FC2C61D35F88100356E54 /* synthesizerTests.xctest */;
			productType = "com.apple.product-type.bundle.unit-test";
		};
		961FC2D01D35F88100356E54 /* synthesizerUITests */ = {
			isa = PBXNativeTarget;
			buildConfigurationList = 961FC2E01D35F88100356E54 /* Build configuration list for PBXNativeTarget "synthesizerUITests" */;
			buildPhases = (
				961FC2CD1D35F88100356E54 /* Sources */,
				961FC2CE1D35F88100356E54 /* Frameworks */,
				961FC2CF1D35F88100356E54 /* Resources */,
			);
			buildRules = (
			);
			dependencies = (
				961FC2D31D35F88100356E54 /* PBXTargetDependency */,
			);
			name = synthesizerUITests;
			productName = synthesizerUITests;
			productReference = 961FC2D11D35F88100356E54 /* synthesizerUITests.xctest */;
			productType = "com.apple.product-type.bundle.ui-testing";
		};
/* End PBXNativeTarget section */

/* Begin PBXProject section */
		961FC2AA1D35F88100356E54 /* Project object */ = {
			isa = PBXProject;
			attributes = {
				LastSwiftUpdateCheck = 0730;
				LastUpgradeCheck = 0730;
				ORGANIZATIONNAME = "Jason Post";
				TargetAttributes = {
					961FC2B11D35F88100356E54 = {
						CreatedOnToolsVersion = 7.3.1;
					};
					961FC2C51D35F88100356E54 = {
						CreatedOnToolsVersion = 7.3.1;
						TestTargetID = 961FC2B11D35F88100356E54;
					};
					961FC2D01D35F88100356E54 = {
						CreatedOnToolsVersion = 7.3.1;
						TestTargetID = 961FC2B11D35F88100356E54;
					};
				};
			};
			buildConfigurationList = 961FC2AD1D35F88100356E54 /* Build configuration list for PBXProject "synthesizer" */;
			compatibilityVersion = "Xcode 3.2";
			developmentRegion = English;
			hasScannedForEncodings = 0;
			knownRegions = (
				en,
				Base,
			);
			mainGroup = 961FC2A91D35F88100356E54;
			productRefGroup = 961FC2B31D35F88100356E54 /* Products */;
			projectDirPath = "";
			projectRoot = "";
			targets = (
				961FC2B11D35F88100356E54 /* synthesizer */,
				961FC2C51D35F88100356E54 /* synthesizerTests */,
				961FC2D01D35F88100356E54 /* synthesizerUITests */,
			);
		};
/* End PBXProject section */

/* Begin PBXResourcesBuildPhase section */
		961FC2B01D35F88100356E54 /* Resources */ = {
			isa = PBXResourcesBuildPhase;
			buildActionMask = 2147483647;
			files = (
				961FC2C01D35F88100356E54 /* LaunchScreen.storyboard in Resources */,
				961FC2BD1D35F88100356E54 /* Assets.xcassets in Resources */,
				961FC2BB1D35F88100356E54 /* Main.storyboard in Resources */,
			);
			runOnlyForDeploymentPostprocessing = 0;
		};
		961FC2C41D35F88100356E54 /* Resources */ = {
			isa = PBXResourcesBuildPhase;
			buildActionMask = 2147483647;
			files = (
			);
			runOnlyForDeploymentPostprocessing = 0;
		};
		961FC2CF1D35F88100356E54 /* Resources */ = {
			isa = PBXResourcesBuildPhase;
			buildActionMask = 2147483647;
			files = (
			);
			runOnlyForDeploymentPostprocessing = 0;
		};
/* End PBXResourcesBuildPhase section */

/* Begin PBXSourcesBuildPhase section */
		961FC2AE1D35F88100356E54 /* Sources */ = {
			isa = PBXSourcesBuildPhase;
			buildActionMask = 2147483647;
			files = (
				961FC2B81D35F88100356E54 /* ViewController.swift in Sources */,
				961FC2B61D35F88100356E54 /* AppDelegate.swift in Sources */,
			);
			runOnlyForDeploymentPostprocessing = 0;
		};
		961FC2C21D35F88100356E54 /* Sources */ = {
			isa = PBXSourcesBuildPhase;
			buildActionMask = 2147483647;
			files = (
				961FC2CB1D35F88100356E54 /* synthesizerTests.swift in Sources */,
			);
			runOnlyForDeploymentPostprocessing = 0;
		};
		961FC2CD1D35F88100356E54 /* Sources */ = {
			isa = PBXSourcesBuildPhase;
			buildActionMask = 2147483647;
			files = (
				961FC2D61D35F88100356E54 /* synthesizerUITests.swift in Sources */,
			);
			runOnlyForDeploymentPostprocessing = 0;
		};
/* End PBXSourcesBuildPhase section */

/* Begin PBXTargetDependency section */
		961FC2C81D35F88100356E54 /* PBXTargetDependency */ = {
			isa = PBXTargetDependency;
			target = 961FC2B11D35F88100356E54 /* synthesizer */;
			targetProxy = 961FC2C71D35F88100356E54 /* PBXContainerItemProxy */;
		};
		961FC2D31D35F88100356E54 /* PBXTargetDependency */ = {
			isa = PBXTargetDependency;
			target = 961FC2B11D35F88100356E54 /* synthesizer */;
			targetProxy = 961FC2D21D35F88100356E54 /* PBXContainerItemProxy */;
		};
/* End PBXTargetDependency section */

/* Begin PBXVariantGroup section */
		961FC2B91D35F88100356E54 /* Main.storyboard */ = {
			isa = PBXVariantGroup;
			children = (
				961FC2BA1D35F88100356E54 /* Base */,
			);
			name = Main.storyboard;
			sourceTree = "<group>";
		};
		961FC2BE1D35F88100356E54 /* LaunchScreen.storyboard */ = {
			isa = PBXVariantGroup;
			children = (
				961FC2BF1D35F88100356E54 /* Base */,
			);
			name = LaunchScreen.storyboard;
			sourceTree = "<group>";
		};
/* End PBXVariantGroup section */

/* Begin XCBuildConfiguration section */
		961FC2D81D35F88100356E54 /* Debug */ = {
			isa = XCBuildConfiguration;
			buildSettings = {
				ALWAYS_SEARCH_USER_PATHS = NO;
				CLANG_ANALYZER_NONNULL = YES;
				CLANG_CXX_LANGUAGE_STANDARD = "gnu++0x";
				CLANG_CXX_LIBRARY = "libc++";
				CLANG_ENABLE_MODULES = YES;
				CLANG_ENABLE_OBJC_ARC = YES;
				CLANG_WARN_BOOL_CONVERSION = YES;
				CLANG_WARN_CONSTANT_CONVERSION = YES;
				CLANG_WARN_DIRECT_OBJC_ISA_USAGE = YES_ERROR;
				CLANG_WARN_EMPTY_BODY = YES;
				CLANG_WARN_ENUM_CONVERSION = YES;
				CLANG_WARN_INT_CONVERSION = YES;
				CLANG_WARN_OBJC_ROOT_CLASS = YES_ERROR;
				CLANG_WARN_UNREACHABLE_CODE = YES;
				CLANG_WARN__DUPLICATE_METHOD_MATCH = YES;
				"CODE_SIGN_IDENTITY[sdk=iphoneos*]" = "iPhone Developer";
				COPY_PHASE_STRIP = NO;
				DEBUG_INFORMATION_FORMAT = dwarf;
				ENABLE_STRICT_OBJC_MSGSEND = YES;
				ENABLE_TESTABILITY = YES;
				GCC_C_LANGUAGE_STANDARD = gnu99;
				GCC_DYNAMIC_NO_PIC = NO;
				GCC_NO_COMMON_BLOCKS = YES;
				GCC_OPTIMIZATION_LEVEL = 0;
				GCC_PREPROCESSOR_DEFINITIONS = (
					"DEBUG=1",
					"$(inherited)",
				);
				GCC_WARN_64_TO_32_BIT_CONVERSION = YES;
				GCC_WARN_ABOUT_RETURN_TYPE = YES_ERROR;
				GCC_WARN_UNDECLARED_SELECTOR = YES;
				GCC_WARN_UNINITIALIZED_AUTOS = YES_AGGRESSIVE;
				GCC_WARN_UNUSED_FUNCTION = YES;
				GCC_WARN_UNUSED_VARIABLE = YES;
				IPHONEOS_DEPLOYMENT_TARGET = 9.3;
				MTL_ENABLE_DEBUG_INFO = YES;
				ONLY_ACTIVE_ARCH = YES;
				SDKROOT = iphoneos;
				SWIFT_OPTIMIZATION_LEVEL = "-Onone";
				TARGETED_DEVICE_FAMILY = "1,2";
			};
			name = Debug;
		};
		961FC2D91D35F88100356E54 /* Release */ = {
			isa = XCBuildConfiguration;
			buildSettings = {
				ALWAYS_SEARCH_USER_PATHS = NO;
				CLANG_ANALYZER_NONNULL = YES;
				CLANG_CXX_LANGUAGE_STANDARD = "gnu++0x";
				CLANG_CXX_LIBRARY = "libc++";
				CLANG_ENABLE_MODULES = YES;
				CLANG_ENABLE_OBJC_ARC = YES;
				CLANG_WARN_BOOL_CONVERSION = YES;
				CLANG_WARN_CONSTANT_CONVERSION = YES;
				CLANG_WARN_DIRECT_OBJC_ISA_USAGE = YES_ERROR;
				CLANG_WARN_EMPTY_BODY = YES;
				CLANG_WARN_ENUM_CONVERSION = YES;
				CLANG_WARN_INT_CONVERSION = YES;
				CLANG_WARN_OBJC_ROOT_CLASS = YES_ERROR;
				CLANG_WARN_UNREACHABLE_CODE = YES;
				CLANG_WARN__DUPLICATE_METHOD_MATCH = YES;
				"CODE_SIGN_IDENTITY[sdk=iphoneos*]" = "iPhone Developer";
				COPY_PHASE_STRIP = NO;
				DEBUG_INFORMATION_FORMAT = "dwarf-with-dsym";
				ENABLE_NS_ASSERTIONS = NO;
				ENABLE_STRICT_OBJC_MSGSEND = YES;
				GCC_C_LANGUAGE_STANDARD = gnu99;
				GCC_NO_COMMON_BLOCKS = YES;
				GCC_WARN_64_TO_32_BIT_CONVERSION = YES;
				GCC_WARN_ABOUT_RETURN_TYPE = YES_ERROR;
				GCC_WARN_UNDECLARED_SELECTOR = YES;
				GCC_WARN_UNINITIALIZED_AUTOS = YES_AGGRESSIVE;
				GCC_WARN_UNUSED_FUNCTION = YES;
				GCC_WARN_UNUSED_VARIABLE = YES;
				IPHONEOS_DEPLOYMENT_TARGET = 9.3;
				MTL_ENABLE_DEBUG_INFO = NO;
				SDKROOT = iphoneos;
				TARGETED_DEVICE_FAMILY = "1,2";
				VALIDATE_PRODUCT = YES;
			};
			name = Release;
		};
		961FC2DB1D35F88100356E54 /* Debug */ = {
			isa = XCBuildConfiguration;
			buildSettings = {
				ASSETCATALOG_COMPILER_APPICON_NAME = AppIcon;
				INFOPLIST_FILE = synthesizer/Info.plist;
				LD_RUNPATH_SEARCH_PATHS = "$(inherited) @executable_path/Frameworks";
				PRODUCT_BUNDLE_IDENTIFIER = Jason.synthesizer;
				PRODUCT_NAME = "$(TARGET_NAME)";
			};
			name = Debug;
		};
		961FC2DC1D35F88100356E54 /* Release */ = {
			isa = XCBuildConfiguration;
			buildSettings = {
				ASSETCATALOG_COMPILER_APPICON_NAME = AppIcon;
				INFOPLIST_FILE = synthesizer/Info.plist;
				LD_RUNPATH_SEARCH_PATHS = "$(inherited) @executable_path/Frameworks";
				PRODUCT_BUNDLE_IDENTIFIER = Jason.synthesizer;
				PRODUCT_NAME = "$(TARGET_NAME)";
			};
			name = Release;
		};
		961FC2DE1D35F88100356E54 /* Debug */ = {
			isa = XCBuildConfiguration;
			buildSettings = {
				BUNDLE_LOADER = "$(TEST_HOST)";
				INFOPLIST_FILE = synthesizerTests/Info.plist;
				LD_RUNPATH_SEARCH_PATHS = "$(inherited) @executable_path/Frameworks @loader_path/Frameworks";
				PRODUCT_BUNDLE_IDENTIFIER = Jason.synthesizerTests;
				PRODUCT_NAME = "$(TARGET_NAME)";
				TEST_HOST = "$(BUILT_PRODUCTS_DIR)/synthesizer.app/synthesizer";
			};
			name = Debug;
		};
		961FC2DF1D35F88100356E54 /* Release */ = {
			isa = XCBuildConfiguration;
			buildSettings = {
				BUNDLE_LOADER = "$(TEST_HOST)";
				INFOPLIST_FILE = synthesizerTests/Info.plist;
				LD_RUNPATH_SEARCH_PATHS = "$(inherited) @executable_path/Frameworks @loader_path/Frameworks";
				PRODUCT_BUNDLE_IDENTIFIER = Jason.synthesizerTests;
				PRODUCT_NAME = "$(TARGET_NAME)";
				TEST_HOST = "$(BUILT_PRODUCTS_DIR)/synthesizer.app/synthesizer";
			};
			name = Release;
		};
		961FC2E11D35F88100356E54 /* Debug */ = {
			isa = XCBuildConfiguration;
			buildSettings = {
				INFOPLIST_FILE = synthesizerUITests/Info.plist;
				LD_RUNPATH_SEARCH_PATHS = "$(inherited) @executable_path/Frameworks @loader_path/Frameworks";
				PRODUCT_BUNDLE_IDENTIFIER = Jason.synthesizerUITests;
				PRODUCT_NAME = "$(TARGET_NAME)";
				TEST_TARGET_NAME = synthesizer;
			};
			name = Debug;
		};
		961FC2E21D35F88100356E54 /* Release */ = {
			isa = XCBuildConfiguration;
			buildSettings = {
				INFOPLIST_FILE = synthesizerUITests/Info.plist;
				LD_RUNPATH_SEARCH_PATHS = "$(inherited) @executable_path/Frameworks @loader_path/Frameworks";
				PRODUCT_BUNDLE_IDENTIFIER = Jason.synthesizerUITests;
				PRODUCT_NAME = "$(TARGET_NAME)";
				TEST_TARGET_NAME = synthesizer;
			};
			name = Release;
		};
/* End XCBuildConfiguration section */

/* Begin XCConfigurationList section */
		961FC2AD1D35F88100356E54 /* Build configuration list for PBXProject "synthesizer" */ = {
			isa = XCConfigurationList;
			buildConfigurations = (
				961FC2D81D35F88100356E54 /* Debug */,
				961FC2D91D35F88100356E54 /* Release */,
			);
			defaultConfigurationIsVisible = 0;
			defaultConfigurationName = Release;
		};
		961FC2DA1D35F88100356E54 /* Build configuration list for PBXNativeTarget "synthesizer" */ = {
			isa = XCConfigurationList;
			buildConfigurations = (
				961FC2DB1D35F88100356E54 /* Debug */,
				961FC2DC1D35F88100356E54 /* Release */,
			);
			defaultConfigurationIsVisible = 0;
		};
		961FC2DD1D35F88100356E54 /* Build configuration list for PBXNativeTarget "synthesizerTests" */ = {
			isa = XCConfigurationList;
			buildConfigurations = (
				961FC2DE1D35F88100356E54 /* Debug */,
				961FC2DF1D35F88100356E54 /* Release */,
			);
			defaultConfigurationIsVisible = 0;
		};
		961FC2E01D35F88100356E54 /* Build configuration list for PBXNativeTarget "synthesizerUITests" */ = {
			isa = XCConfigurationList;
			buildConfigurations = (
				961FC2E11D35F88100356E54 /* Debug */,
				961FC2E21D35F88100356E54 /* Release */,
			);
			defaultConfigurationIsVisible = 0;
		};
/* End XCConfigurationList section */
	};
	rootObject = 961FC2AA1D35F88100356E54 /* Project object */;
}
